// !$*UTF8*$!
{
	archiveVersion = 1;
	classes = {
	};
	objectVersion = 56;
	objects = {

/* Begin PBXBuildFile section */
		DC0E645D2A13F46C005F15C0 /* AppDelegate.swift in Sources */ = {isa = PBXBuildFile; fileRef = DC0E645C2A13F46C005F15C0 /* AppDelegate.swift */; };
		DC0E64612A13F46C005F15C0 /* ViewController.swift in Sources */ = {isa = PBXBuildFile; fileRef = DC0E64602A13F46C005F15C0 /* ViewController.swift */; };
		DC0E64642A13F46C005F15C0 /* Main.storyboard in Resources */ = {isa = PBXBuildFile; fileRef = DC0E64622A13F46C005F15C0 /* Main.storyboard */; };
		DC0E64662A13F46D005F15C0 /* Assets.xcassets in Resources */ = {isa = PBXBuildFile; fileRef = DC0E64652A13F46D005F15C0 /* Assets.xcassets */; };
		DC0E64692A13F46D005F15C0 /* LaunchScreen.storyboard in Resources */ = {isa = PBXBuildFile; fileRef = DC0E64672A13F46D005F15C0 /* LaunchScreen.storyboard */; };
		DC0E64742A13F46D005F15C0 /* PerAppSampleApp_iOSTests.swift in Sources */ = {isa = PBXBuildFile; fileRef = DC0E64732A13F46D005F15C0 /* PerAppSampleApp_iOSTests.swift */; };
		DC0E647E2A13F46D005F15C0 /* PerAppSampleApp_iOSUITests.swift in Sources */ = {isa = PBXBuildFile; fileRef = DC0E647D2A13F46D005F15C0 /* PerAppSampleApp_iOSUITests.swift */; };
		DC0E64802A13F46D005F15C0 /* PerAppSampleApp_iOSUITestsLaunchTests.swift in Sources */ = {isa = PBXBuildFile; fileRef = DC0E647F2A13F46D005F15C0 /* PerAppSampleApp_iOSUITestsLaunchTests.swift */; };
		DCCF58782A13F7B200601806 /* SecondViewController.swift in Sources */ = {isa = PBXBuildFile; fileRef = DCCF58772A13F7B200601806 /* SecondViewController.swift */; };
		DCCF587B2A13FBB300601806 /* Localizable.strings in Resources */ = {isa = PBXBuildFile; fileRef = DCCF587D2A13FBB300601806 /* Localizable.strings */; };
		DCCF58802A155DA400601806 /* ProfileSettingsVC.swift in Sources */ = {isa = PBXBuildFile; fileRef = DCCF587F2A155DA400601806 /* ProfileSettingsVC.swift */; };
/* End PBXBuildFile section */

/* Begin PBXContainerItemProxy section */
		DC0E64702A13F46D005F15C0 /* PBXContainerItemProxy */ = {
			isa = PBXContainerItemProxy;
			containerPortal = DC0E64512A13F46C005F15C0 /* Project object */;
			proxyType = 1;
			remoteGlobalIDString = DC0E64582A13F46C005F15C0;
			remoteInfo = "PerAppSampleApp-iOS";
		};
		DC0E647A2A13F46D005F15C0 /* PBXContainerItemProxy */ = {
			isa = PBXContainerItemProxy;
			containerPortal = DC0E64512A13F46C005F15C0 /* Project object */;
			proxyType = 1;
			remoteGlobalIDString = DC0E64582A13F46C005F15C0;
			remoteInfo = "PerAppSampleApp-iOS";
		};
/* End PBXContainerItemProxy section */

/* Begin PBXFileReference section */
		DC0E64592A13F46C005F15C0 /* PerAppSampleApp-iOS.app */ = {isa = PBXFileReference; explicitFileType = wrapper.application; includeInIndex = 0; path = "PerAppSampleApp-iOS.app"; sourceTree = BUILT_PRODUCTS_DIR; };
		DC0E645C2A13F46C005F15C0 /* AppDelegate.swift */ = {isa = PBXFileReference; lastKnownFileType = sourcecode.swift; path = AppDelegate.swift; sourceTree = "<group>"; };
		DC0E64602A13F46C005F15C0 /* ViewController.swift */ = {isa = PBXFileReference; lastKnownFileType = sourcecode.swift; path = ViewController.swift; sourceTree = "<group>"; };
		DC0E64632A13F46C005F15C0 /* Base */ = {isa = PBXFileReference; lastKnownFileType = file.storyboard; name = Base; path = Base.lproj/Main.storyboard; sourceTree = "<group>"; };
		DC0E64652A13F46D005F15C0 /* Assets.xcassets */ = {isa = PBXFileReference; lastKnownFileType = folder.assetcatalog; path = Assets.xcassets; sourceTree = "<group>"; };
		DC0E64682A13F46D005F15C0 /* Base */ = {isa = PBXFileReference; lastKnownFileType = file.storyboard; name = Base; path = Base.lproj/LaunchScreen.storyboard; sourceTree = "<group>"; };
		DC0E646A2A13F46D005F15C0 /* Info.plist */ = {isa = PBXFileReference; lastKnownFileType = text.plist.xml; path = Info.plist; sourceTree = "<group>"; };
		DC0E646F2A13F46D005F15C0 /* PerAppSampleApp-iOSTests.xctest */ = {isa = PBXFileReference; explicitFileType = wrapper.cfbundle; includeInIndex = 0; path = "PerAppSampleApp-iOSTests.xctest"; sourceTree = BUILT_PRODUCTS_DIR; };
		DC0E64732A13F46D005F15C0 /* PerAppSampleApp_iOSTests.swift */ = {isa = PBXFileReference; lastKnownFileType = sourcecode.swift; path = PerAppSampleApp_iOSTests.swift; sourceTree = "<group>"; };
		DC0E64792A13F46D005F15C0 /* PerAppSampleApp-iOSUITests.xctest */ = {isa = PBXFileReference; explicitFileType = wrapper.cfbundle; includeInIndex = 0; path = "PerAppSampleApp-iOSUITests.xctest"; sourceTree = BUILT_PRODUCTS_DIR; };
		DC0E647D2A13F46D005F15C0 /* PerAppSampleApp_iOSUITests.swift */ = {isa = PBXFileReference; lastKnownFileType = sourcecode.swift; path = PerAppSampleApp_iOSUITests.swift; sourceTree = "<group>"; };
		DC0E647F2A13F46D005F15C0 /* PerAppSampleApp_iOSUITestsLaunchTests.swift */ = {isa = PBXFileReference; lastKnownFileType = sourcecode.swift; path = PerAppSampleApp_iOSUITestsLaunchTests.swift; sourceTree = "<group>"; };
		DC0E648C2A13F4B6005F15C0 /* es */ = {isa = PBXFileReference; lastKnownFileType = text.plist.strings; name = es; path = es.lproj/Main.strings; sourceTree = "<group>"; };
		DC0E648D2A13F4B6005F15C0 /* es */ = {isa = PBXFileReference; lastKnownFileType = text.plist.strings; name = es; path = es.lproj/LaunchScreen.strings; sourceTree = "<group>"; };
		DCCF58772A13F7B200601806 /* SecondViewController.swift */ = {isa = PBXFileReference; lastKnownFileType = sourcecode.swift; path = SecondViewController.swift; sourceTree = "<group>"; };
		DCCF587C2A13FBB300601806 /* en */ = {isa = PBXFileReference; lastKnownFileType = text.plist.strings; name = en; path = en.lproj/Localizable.strings; sourceTree = "<group>"; };
		DCCF587E2A13FBC400601806 /* es */ = {isa = PBXFileReference; lastKnownFileType = text.plist.strings; name = es; path = es.lproj/Localizable.strings; sourceTree = "<group>"; };
		DCCF587F2A155DA400601806 /* ProfileSettingsVC.swift */ = {isa = PBXFileReference; lastKnownFileType = sourcecode.swift; path = ProfileSettingsVC.swift; sourceTree = "<group>"; };
/* End PBXFileReference section */

/* Begin PBXFrameworksBuildPhase section */
		DC0E64562A13F46C005F15C0 /* Frameworks */ = {
			isa = PBXFrameworksBuildPhase;
			buildActionMask = 2147483647;
			files = (
			);
			runOnlyForDeploymentPostprocessing = 0;
		};
		DC0E646C2A13F46D005F15C0 /* Frameworks */ = {
			isa = PBXFrameworksBuildPhase;
			buildActionMask = 2147483647;
			files = (
			);
			runOnlyForDeploymentPostprocessing = 0;
		};
		DC0E64762A13F46D005F15C0 /* Frameworks */ = {
			isa = PBXFrameworksBuildPhase;
			buildActionMask = 2147483647;
			files = (
			);
			runOnlyForDeploymentPostprocessing = 0;
		};
/* End PBXFrameworksBuildPhase section */

/* Begin PBXGroup section */
		DC0E64502A13F46C005F15C0 = {
			isa = PBXGroup;
			children = (
				DC0E645B2A13F46C005F15C0 /* PerAppSampleApp-iOS */,
				DC0E64722A13F46D005F15C0 /* PerAppSampleApp-iOSTests */,
				DC0E647C2A13F46D005F15C0 /* PerAppSampleApp-iOSUITests */,
				DC0E645A2A13F46C005F15C0 /* Products */,
			);
			sourceTree = "<group>";
		};
		DC0E645A2A13F46C005F15C0 /* Products */ = {
			isa = PBXGroup;
			children = (
				DC0E64592A13F46C005F15C0 /* PerAppSampleApp-iOS.app */,
				DC0E646F2A13F46D005F15C0 /* PerAppSampleApp-iOSTests.xctest */,
				DC0E64792A13F46D005F15C0 /* PerAppSampleApp-iOSUITests.xctest */,
			);
			name = Products;
			sourceTree = "<group>";
		};
		DC0E645B2A13F46C005F15C0 /* PerAppSampleApp-iOS */ = {
			isa = PBXGroup;
			children = (
				DC0E645C2A13F46C005F15C0 /* AppDelegate.swift */,
				DC0E64602A13F46C005F15C0 /* ViewController.swift */,
				DCCF58772A13F7B200601806 /* SecondViewController.swift */,
				DCCF587F2A155DA400601806 /* ProfileSettingsVC.swift */,
				DC0E64622A13F46C005F15C0 /* Main.storyboard */,
				DC0E64652A13F46D005F15C0 /* Assets.xcassets */,
				DC0E64672A13F46D005F15C0 /* LaunchScreen.storyboard */,
				DC0E646A2A13F46D005F15C0 /* Info.plist */,
				DCCF587D2A13FBB300601806 /* Localizable.strings */,
			);
			path = "PerAppSampleApp-iOS";
			sourceTree = "<group>";
		};
		DC0E64722A13F46D005F15C0 /* PerAppSampleApp-iOSTests */ = {
			isa = PBXGroup;
			children = (
				DC0E64732A13F46D005F15C0 /* PerAppSampleApp_iOSTests.swift */,
			);
			path = "PerAppSampleApp-iOSTests";
			sourceTree = "<group>";
		};
		DC0E647C2A13F46D005F15C0 /* PerAppSampleApp-iOSUITests */ = {
			isa = PBXGroup;
			children = (
				DC0E647D2A13F46D005F15C0 /* PerAppSampleApp_iOSUITests.swift */,
				DC0E647F2A13F46D005F15C0 /* PerAppSampleApp_iOSUITestsLaunchTests.swift */,
			);
			path = "PerAppSampleApp-iOSUITests";
			sourceTree = "<group>";
		};
/* End PBXGroup section */

/* Begin PBXNativeTarget section */
		DC0E64582A13F46C005F15C0 /* PerAppSampleApp-iOS */ = {
			isa = PBXNativeTarget;
			buildConfigurationList = DC0E64832A13F46D005F15C0 /* Build configuration list for PBXNativeTarget "PerAppSampleApp-iOS" */;
			buildPhases = (
				DC0E64552A13F46C005F15C0 /* Sources */,
				DC0E64562A13F46C005F15C0 /* Frameworks */,
				DC0E64572A13F46C005F15C0 /* Resources */,
			);
			buildRules = (
			);
			dependencies = (
			);
			name = "PerAppSampleApp-iOS";
			productName = "PerAppSampleApp-iOS";
			productReference = DC0E64592A13F46C005F15C0 /* PerAppSampleApp-iOS.app */;
			productType = "com.apple.product-type.application";
		};
		DC0E646E2A13F46D005F15C0 /* PerAppSampleApp-iOSTests */ = {
			isa = PBXNativeTarget;
			buildConfigurationList = DC0E64862A13F46D005F15C0 /* Build configuration list for PBXNativeTarget "PerAppSampleApp-iOSTests" */;
			buildPhases = (
				DC0E646B2A13F46D005F15C0 /* Sources */,
				DC0E646C2A13F46D005F15C0 /* Frameworks */,
				DC0E646D2A13F46D005F15C0 /* Resources */,
			);
			buildRules = (
			);
			dependencies = (
				DC0E64712A13F46D005F15C0 /* PBXTargetDependency */,
			);
			name = "PerAppSampleApp-iOSTests";
			productName = "PerAppSampleApp-iOSTests";
			productReference = DC0E646F2A13F46D005F15C0 /* PerAppSampleApp-iOSTests.xctest */;
			productType = "com.apple.product-type.bundle.unit-test";
		};
		DC0E64782A13F46D005F15C0 /* PerAppSampleApp-iOSUITests */ = {
			isa = PBXNativeTarget;
			buildConfigurationList = DC0E64892A13F46D005F15C0 /* Build configuration list for PBXNativeTarget "PerAppSampleApp-iOSUITests" */;
			buildPhases = (
				DC0E64752A13F46D005F15C0 /* Sources */,
				DC0E64762A13F46D005F15C0 /* Frameworks */,
				DC0E64772A13F46D005F15C0 /* Resources */,
			);
			buildRules = (
			);
			dependencies = (
				DC0E647B2A13F46D005F15C0 /* PBXTargetDependency */,
			);
			name = "PerAppSampleApp-iOSUITests";
			productName = "PerAppSampleApp-iOSUITests";
			productReference = DC0E64792A13F46D005F15C0 /* PerAppSampleApp-iOSUITests.xctest */;
			productType = "com.apple.product-type.bundle.ui-testing";
		};
/* End PBXNativeTarget section */

/* Begin PBXProject section */
		DC0E64512A13F46C005F15C0 /* Project object */ = {
			isa = PBXProject;
			attributes = {
				BuildIndependentTargetsInParallel = 1;
				LastSwiftUpdateCheck = 1430;
				LastUpgradeCheck = 1430;
				TargetAttributes = {
					DC0E64582A13F46C005F15C0 = {
						CreatedOnToolsVersion = 14.3;
					};
					DC0E646E2A13F46D005F15C0 = {
						CreatedOnToolsVersion = 14.3;
						TestTargetID = DC0E64582A13F46C005F15C0;
					};
					DC0E64782A13F46D005F15C0 = {
						CreatedOnToolsVersion = 14.3;
						TestTargetID = DC0E64582A13F46C005F15C0;
					};
				};
			};
			buildConfigurationList = DC0E64542A13F46C005F15C0 /* Build configuration list for PBXProject "PerAppSampleApp-iOS" */;
			compatibilityVersion = "Xcode 14.0";
			developmentRegion = en;
			hasScannedForEncodings = 0;
			knownRegions = (
				en,
				Base,
				es,
			);
			mainGroup = DC0E64502A13F46C005F15C0;
			productRefGroup = DC0E645A2A13F46C005F15C0 /* Products */;
			projectDirPath = "";
			projectRoot = "";
			targets = (
				DC0E64582A13F46C005F15C0 /* PerAppSampleApp-iOS */,
				DC0E646E2A13F46D005F15C0 /* PerAppSampleApp-iOSTests */,
				DC0E64782A13F46D005F15C0 /* PerAppSampleApp-iOSUITests */,
			);
		};
/* End PBXProject section */

/* Begin PBXResourcesBuildPhase section */
		DC0E64572A13F46C005F15C0 /* Resources */ = {
			isa = PBXResourcesBuildPhase;
			buildActionMask = 2147483647;
			files = (
				DC0E64692A13F46D005F15C0 /* LaunchScreen.storyboard in Resources */,
				DCCF587B2A13FBB300601806 /* Localizable.strings in Resources */,
				DC0E64662A13F46D005F15C0 /* Assets.xcassets in Resources */,
				DC0E64642A13F46C005F15C0 /* Main.storyboard in Resources */,
			);
			runOnlyForDeploymentPostprocessing = 0;
		};
		DC0E646D2A13F46D005F15C0 /* Resources */ = {
			isa = PBXResourcesBuildPhase;
			buildActionMask = 2147483647;
			files = (
			);
			runOnlyForDeploymentPostprocessing = 0;
		};
		DC0E64772A13F46D005F15C0 /* Resources */ = {
			isa = PBXResourcesBuildPhase;
			buildActionMask = 2147483647;
			files = (
			);
			runOnlyForDeploymentPostprocessing = 0;
		};
/* End PBXResourcesBuildPhase section */

/* Begin PBXSourcesBuildPhase section */
		DC0E64552A13F46C005F15C0 /* Sources */ = {
			isa = PBXSourcesBuildPhase;
			buildActionMask = 2147483647;
			files = (
				DCCF58782A13F7B200601806 /* SecondViewController.swift in Sources */,
				DCCF58802A155DA400601806 /* ProfileSettingsVC.swift in Sources */,
				DC0E64612A13F46C005F15C0 /* ViewController.swift in Sources */,
				DC0E645D2A13F46C005F15C0 /* AppDelegate.swift in Sources */,
			);
			runOnlyForDeploymentPostprocessing = 0;
		};
		DC0E646B2A13F46D005F15C0 /* Sources */ = {
			isa = PBXSourcesBuildPhase;
			buildActionMask = 2147483647;
			files = (
				DC0E64742A13F46D005F15C0 /* PerAppSampleApp_iOSTests.swift in Sources */,
			);
			runOnlyForDeploymentPostprocessing = 0;
		};
		DC0E64752A13F46D005F15C0 /* Sources */ = {
			isa = PBXSourcesBuildPhase;
			buildActionMask = 2147483647;
			files = (
				DC0E64802A13F46D005F15C0 /* PerAppSampleApp_iOSUITestsLaunchTests.swift in Sources */,
				DC0E647E2A13F46D005F15C0 /* PerAppSampleApp_iOSUITests.swift in Sources */,
			);
			runOnlyForDeploymentPostprocessing = 0;
		};
/* End PBXSourcesBuildPhase section */

/* Begin PBXTargetDependency section */
		DC0E64712A13F46D005F15C0 /* PBXTargetDependency */ = {
			isa = PBXTargetDependency;
			target = DC0E64582A13F46C005F15C0 /* PerAppSampleApp-iOS */;
			targetProxy = DC0E64702A13F46D005F15C0 /* PBXContainerItemProxy */;
		};
		DC0E647B2A13F46D005F15C0 /* PBXTargetDependency */ = {
			isa = PBXTargetDependency;
			target = DC0E64582A13F46C005F15C0 /* PerAppSampleApp-iOS */;
			targetProxy = DC0E647A2A13F46D005F15C0 /* PBXContainerItemProxy */;
		};
/* End PBXTargetDependency section */

/* Begin PBXVariantGroup section */
		DC0E64622A13F46C005F15C0 /* Main.storyboard */ = {
			isa = PBXVariantGroup;
			children = (
				DC0E64632A13F46C005F15C0 /* Base */,
				DC0E648C2A13F4B6005F15C0 /* es */,
			);
			name = Main.storyboard;
			sourceTree = "<group>";
		};
		DC0E64672A13F46D005F15C0 /* LaunchScreen.storyboard */ = {
			isa = PBXVariantGroup;
			children = (
				DC0E64682A13F46D005F15C0 /* Base */,
				DC0E648D2A13F4B6005F15C0 /* es */,
			);
			name = LaunchScreen.storyboard;
			sourceTree = "<group>";
		};
		DCCF587D2A13FBB300601806 /* Localizable.strings */ = {
			isa = PBXVariantGroup;
			children = (
				DCCF587C2A13FBB300601806 /* en */,
				DCCF587E2A13FBC400601806 /* es */,
			);
			name = Localizable.strings;
			sourceTree = "<group>";
		};
/* End PBXVariantGroup section */

/* Begin XCBuildConfiguration section */
		DC0E64812A13F46D005F15C0 /* Debug */ = {
			isa = XCBuildConfiguration;
			buildSettings = {
				ALWAYS_SEARCH_USER_PATHS = NO;
				CLANG_ANALYZER_LOCALIZABILITY_NONLOCALIZED = YES;
				CLANG_ANALYZER_NONNULL = YES;
				CLANG_ANALYZER_NUMBER_OBJECT_CONVERSION = YES_AGGRESSIVE;
				CLANG_CXX_LANGUAGE_STANDARD = "gnu++20";
				CLANG_ENABLE_MODULES = YES;
				CLANG_ENABLE_OBJC_ARC = YES;
				CLANG_ENABLE_OBJC_WEAK = YES;
				CLANG_WARN_BLOCK_CAPTURE_AUTORELEASING = YES;
				CLANG_WARN_BOOL_CONVERSION = YES;
				CLANG_WARN_COMMA = YES;
				CLANG_WARN_CONSTANT_CONVERSION = YES;
				CLANG_WARN_DEPRECATED_OBJC_IMPLEMENTATIONS = YES;
				CLANG_WARN_DIRECT_OBJC_ISA_USAGE = YES_ERROR;
				CLANG_WARN_DOCUMENTATION_COMMENTS = YES;
				CLANG_WARN_EMPTY_BODY = YES;
				CLANG_WARN_ENUM_CONVERSION = YES;
				CLANG_WARN_INFINITE_RECURSION = YES;
				CLANG_WARN_INT_CONVERSION = YES;
				CLANG_WARN_NON_LITERAL_NULL_CONVERSION = YES;
				CLANG_WARN_OBJC_IMPLICIT_RETAIN_SELF = YES;
				CLANG_WARN_OBJC_LITERAL_CONVERSION = YES;
				CLANG_WARN_OBJC_ROOT_CLASS = YES_ERROR;
				CLANG_WARN_QUOTED_INCLUDE_IN_FRAMEWORK_HEADER = YES;
				CLANG_WARN_RANGE_LOOP_ANALYSIS = YES;
				CLANG_WARN_STRICT_PROTOTYPES = YES;
				CLANG_WARN_SUSPICIOUS_MOVE = YES;
				CLANG_WARN_UNGUARDED_AVAILABILITY = YES_AGGRESSIVE;
				CLANG_WARN_UNREACHABLE_CODE = YES;
				CLANG_WARN__DUPLICATE_METHOD_MATCH = YES;
				COPY_PHASE_STRIP = NO;
				DEBUG_INFORMATION_FORMAT = dwarf;
				ENABLE_STRICT_OBJC_MSGSEND = YES;
				ENABLE_TESTABILITY = YES;
				GCC_C_LANGUAGE_STANDARD = gnu11;
				GCC_DYNAMIC_NO_PIC = NO;
				GCC_NO_COMMON_BLOCKS = YES;
				GCC_OPTIMIZATION_LEVEL = 0;
				GCC_PREPROCESSOR_DEFINITIONS = (
					"DEBUG=1",
					"$(inherited)",
				);
				GCC_WARN_64_TO_32_BIT_CONVERSION = YES;
				GCC_WARN_ABOUT_RETURN_TYPE = YES_ERROR;
				GCC_WARN_UNDECLARED_SELECTOR = YES;
				GCC_WARN_UNINITIALIZED_AUTOS = YES_AGGRESSIVE;
				GCC_WARN_UNUSED_FUNCTION = YES;
				GCC_WARN_UNUSED_VARIABLE = YES;
				IPHONEOS_DEPLOYMENT_TARGET = 13.0;
				MTL_ENABLE_DEBUG_INFO = INCLUDE_SOURCE;
				MTL_FAST_MATH = YES;
				ONLY_ACTIVE_ARCH = YES;
				SDKROOT = iphoneos;
				SWIFT_ACTIVE_COMPILATION_CONDITIONS = DEBUG;
				SWIFT_OPTIMIZATION_LEVEL = "-Onone";
			};
			name = Debug;
		};
		DC0E64822A13F46D005F15C0 /* Release */ = {
			isa = XCBuildConfiguration;
			buildSettings = {
				ALWAYS_SEARCH_USER_PATHS = NO;
				CLANG_ANALYZER_LOCALIZABILITY_NONLOCALIZED = YES;
				CLANG_ANALYZER_NONNULL = YES;
				CLANG_ANALYZER_NUMBER_OBJECT_CONVERSION = YES_AGGRESSIVE;
				CLANG_CXX_LANGUAGE_STANDARD = "gnu++20";
				CLANG_ENABLE_MODULES = YES;
				CLANG_ENABLE_OBJC_ARC = YES;
				CLANG_ENABLE_OBJC_WEAK = YES;
				CLANG_WARN_BLOCK_CAPTURE_AUTORELEASING = YES;
				CLANG_WARN_BOOL_CONVERSION = YES;
				CLANG_WARN_COMMA = YES;
				CLANG_WARN_CONSTANT_CONVERSION = YES;
				CLANG_WARN_DEPRECATED_OBJC_IMPLEMENTATIONS = YES;
				CLANG_WARN_DIRECT_OBJC_ISA_USAGE = YES_ERROR;
				CLANG_WARN_DOCUMENTATION_COMMENTS = YES;
				CLANG_WARN_EMPTY_BODY = YES;
				CLANG_WARN_ENUM_CONVERSION = YES;
				CLANG_WARN_INFINITE_RECURSION = YES;
				CLANG_WARN_INT_CONVERSION = YES;
				CLANG_WARN_NON_LITERAL_NULL_CONVERSION = YES;
				CLANG_WARN_OBJC_IMPLICIT_RETAIN_SELF = YES;
				CLANG_WARN_OBJC_LITERAL_CONVERSION = YES;
				CLANG_WARN_OBJC_ROOT_CLASS = YES_ERROR;
				CLANG_WARN_QUOTED_INCLUDE_IN_FRAMEWORK_HEADER = YES;
				CLANG_WARN_RANGE_LOOP_ANALYSIS = YES;
				CLANG_WARN_STRICT_PROTOTYPES = YES;
				CLANG_WARN_SUSPICIOUS_MOVE = YES;
				CLANG_WARN_UNGUARDED_AVAILABILITY = YES_AGGRESSIVE;
				CLANG_WARN_UNREACHABLE_CODE = YES;
				CLANG_WARN__DUPLICATE_METHOD_MATCH = YES;
				COPY_PHASE_STRIP = NO;
				DEBUG_INFORMATION_FORMAT = "dwarf-with-dsym";
				ENABLE_NS_ASSERTIONS = NO;
				ENABLE_STRICT_OBJC_MSGSEND = YES;
				GCC_C_LANGUAGE_STANDARD = gnu11;
				GCC_NO_COMMON_BLOCKS = YES;
				GCC_WARN_64_TO_32_BIT_CONVERSION = YES;
				GCC_WARN_ABOUT_RETURN_TYPE = YES_ERROR;
				GCC_WARN_UNDECLARED_SELECTOR = YES;
				GCC_WARN_UNINITIALIZED_AUTOS = YES_AGGRESSIVE;
				GCC_WARN_UNUSED_FUNCTION = YES;
				GCC_WARN_UNUSED_VARIABLE = YES;
				IPHONEOS_DEPLOYMENT_TARGET = 13.0;
				MTL_ENABLE_DEBUG_INFO = NO;
				MTL_FAST_MATH = YES;
				SDKROOT = iphoneos;
				SWIFT_COMPILATION_MODE = wholemodule;
				SWIFT_OPTIMIZATION_LEVEL = "-O";
				VALIDATE_PRODUCT = YES;
			};
			name = Release;
		};
		DC0E64842A13F46D005F15C0 /* Debug */ = {
			isa = XCBuildConfiguration;
			buildSettings = {
				ASSETCATALOG_COMPILER_APPICON_NAME = AppIcon;
				ASSETCATALOG_COMPILER_GLOBAL_ACCENT_COLOR_NAME = AccentColor;
				CODE_SIGN_STYLE = Manual;
				CURRENT_PROJECT_VERSION = 1;
				DEVELOPMENT_TEAM = "";
				GENERATE_INFOPLIST_FILE = YES;
				INFOPLIST_FILE = "PerAppSampleApp-iOS/Info.plist";
				INFOPLIST_KEY_UIApplicationSupportsIndirectInputEvents = YES;
				INFOPLIST_KEY_UILaunchStoryboardName = LaunchScreen;
				INFOPLIST_KEY_UIMainStoryboardFile = Main;
				INFOPLIST_KEY_UISupportedInterfaceOrientations_iPad = "UIInterfaceOrientationPortrait UIInterfaceOrientationPortraitUpsideDown UIInterfaceOrientationLandscapeLeft UIInterfaceOrientationLandscapeRight";
				INFOPLIST_KEY_UISupportedInterfaceOrientations_iPhone = "UIInterfaceOrientationPortrait UIInterfaceOrientationLandscapeLeft UIInterfaceOrientationLandscapeRight";
				LD_RUNPATH_SEARCH_PATHS = (
					"$(inherited)",
					"@executable_path/Frameworks",
				);
				MARKETING_VERSION = 1.0;
				PRODUCT_BUNDLE_IDENTIFIER = "com.threedi.PerAppSampleApp-iOS";
				PRODUCT_NAME = "$(TARGET_NAME)";
				PROVISIONING_PROFILE_SPECIFIER = "";
				SWIFT_EMIT_LOC_STRINGS = YES;
				SWIFT_VERSION = 5.0;
				TARGETED_DEVICE_FAMILY = "1,2";
			};
			name = Debug;
		};
		DC0E64852A13F46D005F15C0 /* Release */ = {
			isa = XCBuildConfiguration;
			buildSettings = {
				ASSETCATALOG_COMPILER_APPICON_NAME = AppIcon;
				ASSETCATALOG_COMPILER_GLOBAL_ACCENT_COLOR_NAME = AccentColor;
				CODE_SIGN_STYLE = Manual;
				CURRENT_PROJECT_VERSION = 1;
				DEVELOPMENT_TEAM = "";
				GENERATE_INFOPLIST_FILE = YES;
				INFOPLIST_FILE = "PerAppSampleApp-iOS/Info.plist";
				INFOPLIST_KEY_UIApplicationSupportsIndirectInputEvents = YES;
				INFOPLIST_KEY_UILaunchStoryboardName = LaunchScreen;
				INFOPLIST_KEY_UIMainStoryboardFile = Main;
				INFOPLIST_KEY_UISupportedInterfaceOrientations_iPad = "UIInterfaceOrientationPortrait UIInterfaceOrientationPortraitUpsideDown UIInterfaceOrientationLandscapeLeft UIInterfaceOrientationLandscapeRight";
				INFOPLIST_KEY_UISupportedInterfaceOrientations_iPhone = "UIInterfaceOrientationPortrait UIInterfaceOrientationLandscapeLeft UIInterfaceOrientationLandscapeRight";
				LD_RUNPATH_SEARCH_PATHS = (
					"$(inherited)",
					"@executable_path/Frameworks",
				);
				MARKETING_VERSION = 1.0;
				PRODUCT_BUNDLE_IDENTIFIER = "com.threedi.PerAppSampleApp-iOS";
				PRODUCT_NAME = "$(TARGET_NAME)";
				PROVISIONING_PROFILE_SPECIFIER = "";
				SWIFT_EMIT_LOC_STRINGS = YES;
				SWIFT_VERSION = 5.0;
				TARGETED_DEVICE_FAMILY = "1,2";
			};
			name = Release;
		};
		DC0E64872A13F46D005F15C0 /* Debug */ = {
			isa = XCBuildConfiguration;
			buildSettings = {
				ALWAYS_EMBED_SWIFT_STANDARD_LIBRARIES = YES;
				BUNDLE_LOADER = "$(TEST_HOST)";
				CODE_SIGN_STYLE = Manual;
				CURRENT_PROJECT_VERSION = 1;
				DEVELOPMENT_TEAM = "";
				GENERATE_INFOPLIST_FILE = YES;
				IPHONEOS_DEPLOYMENT_TARGET = 16.4;
				MARKETING_VERSION = 1.0;
				PRODUCT_BUNDLE_IDENTIFIER = "com.threedi.PerAppSampleApp-iOSTests";
				PRODUCT_NAME = "$(TARGET_NAME)";
				PROVISIONING_PROFILE_SPECIFIER = "";
				SWIFT_EMIT_LOC_STRINGS = NO;
				SWIFT_VERSION = 5.0;
				TARGETED_DEVICE_FAMILY = "1,2";
				TEST_HOST = "$(BUILT_PRODUCTS_DIR)/PerAppSampleApp-iOS.app/$(BUNDLE_EXECUTABLE_FOLDER_PATH)/PerAppSampleApp-iOS";
			};
			name = Debug;
		};
		DC0E64882A13F46D005F15C0 /* Release */ = {
			isa = XCBuildConfiguration;
			buildSettings = {
				ALWAYS_EMBED_SWIFT_STANDARD_LIBRARIES = YES;
				BUNDLE_LOADER = "$(TEST_HOST)";
				CODE_SIGN_STYLE = Manual;
				CURRENT_PROJECT_VERSION = 1;
				DEVELOPMENT_TEAM = "";
				GENERATE_INFOPLIST_FILE = YES;
				IPHONEOS_DEPLOYMENT_TARGET = 16.4;
				MARKETING_VERSION = 1.0;
				PRODUCT_BUNDLE_IDENTIFIER = "com.threedi.PerAppSampleApp-iOSTests";
				PRODUCT_NAME = "$(TARGET_NAME)";
				PROVISIONING_PROFILE_SPECIFIER = "";
				SWIFT_EMIT_LOC_STRINGS = NO;
				SWIFT_VERSION = 5.0;
				TARGETED_DEVICE_FAMILY = "1,2";
				TEST_HOST = "$(BUILT_PRODUCTS_DIR)/PerAppSampleApp-iOS.app/$(BUNDLE_EXECUTABLE_FOLDER_PATH)/PerAppSampleApp-iOS";
			};
			name = Release;
		};
		DC0E648A2A13F46D005F15C0 /* Debug */ = {
			isa = XCBuildConfiguration;
			buildSettings = {
				ALWAYS_EMBED_SWIFT_STANDARD_LIBRARIES = YES;
				CODE_SIGN_STYLE = Manual;
				CURRENT_PROJECT_VERSION = 1;
				DEVELOPMENT_TEAM = "";
				GENERATE_INFOPLIST_FILE = YES;
				MARKETING_VERSION = 1.0;
				PRODUCT_BUNDLE_IDENTIFIER = "com.threedi.PerAppSampleApp-iOSUITests";
				PRODUCT_NAME = "$(TARGET_NAME)";
				PROVISIONING_PROFILE_SPECIFIER = "";
				SWIFT_EMIT_LOC_STRINGS = NO;
				SWIFT_VERSION = 5.0;
				TARGETED_DEVICE_FAMILY = "1,2";
				TEST_TARGET_NAME = "PerAppSampleApp-iOS";
			};
			name = Debug;
		};
		DC0E648B2A13F46D005F15C0 /* Release */ = {
			isa = XCBuildConfiguration;
			buildSettings = {
				ALWAYS_EMBED_SWIFT_STANDARD_LIBRARIES = YES;
				CODE_SIGN_STYLE = Manual;
				CURRENT_PROJECT_VERSION = 1;
				DEVELOPMENT_TEAM = "";
				GENERATE_INFOPLIST_FILE = YES;
				MARKETING_VERSION = 1.0;
				PRODUCT_BUNDLE_IDENTIFIER = "com.threedi.PerAppSampleApp-iOSUITests";
				PRODUCT_NAME = "$(TARGET_NAME)";
				PROVISIONING_PROFILE_SPECIFIER = "";
				SWIFT_EMIT_LOC_STRINGS = NO;
				SWIFT_VERSION = 5.0;
				TARGETED_DEVICE_FAMILY = "1,2";
				TEST_TARGET_NAME = "PerAppSampleApp-iOS";
			};
			name = Release;
		};
/* End XCBuildConfiguration section */

/* Begin XCConfigurationList section */
		DC0E64542A13F46C005F15C0 /* Build configuration list for PBXProject "PerAppSampleApp-iOS" */ = {
			isa = XCConfigurationList;
			buildConfigurations = (
				DC0E64812A13F46D005F15C0 /* Debug */,
				DC0E64822A13F46D005F15C0 /* Release */,
			);
			defaultConfigurationIsVisible = 0;
			defaultConfigurationName = Release;
		};
		DC0E64832A13F46D005F15C0 /* Build configuration list for PBXNativeTarget "PerAppSampleApp-iOS" */ = {
			isa = XCConfigurationList;
			buildConfigurations = (
				DC0E64842A13F46D005F15C0 /* Debug */,
				DC0E64852A13F46D005F15C0 /* Release */,
			);
			defaultConfigurationIsVisible = 0;
			defaultConfigurationName = Release;
		};
		DC0E64862A13F46D005F15C0 /* Build configuration list for PBXNativeTarget "PerAppSampleApp-iOSTests" */ = {
			isa = XCConfigurationList;
			buildConfigurations = (
				DC0E64872A13F46D005F15C0 /* Debug */,
				DC0E64882A13F46D005F15C0 /* Release */,
			);
			defaultConfigurationIsVisible = 0;
			defaultConfigurationName = Release;
		};
		DC0E64892A13F46D005F15C0 /* Build configuration list for PBXNativeTarget "PerAppSampleApp-iOSUITests" */ = {
			isa = XCConfigurationList;
			buildConfigurations = (
				DC0E648A2A13F46D005F15C0 /* Debug */,
				DC0E648B2A13F46D005F15C0 /* Release */,
			);
			defaultConfigurationIsVisible = 0;
			defaultConfigurationName = Release;
		};
/* End XCConfigurationList section */
	};
	rootObject = DC0E64512A13F46C005F15C0 /* Project object */;
}
